// !$*UTF8*$!
{
	archiveVersion = 1;
	classes = {
	};
	objectVersion = 51;
	objects = {

/* Begin PBXBuildFile section */
		099A4FE991A5ACC9F9E19D96 /* Pods_RxAlert.framework in Frameworks */ = {isa = PBXBuildFile; fileRef = BAA055AF934F74AD52B7FB69 /* Pods_RxAlert.framework */; };
		B7F309E8378CF814D631EA87 /* Pods_RxAlertExample.framework in Frameworks */ = {isa = PBXBuildFile; fileRef = EEF6C216A706F40107DB7F96 /* Pods_RxAlertExample.framework */; };
		C76A9F9122773A2500E238F4 /* RxAlertExampleTests.swift in Sources */ = {isa = PBXBuildFile; fileRef = C76A9F9022773A2500E238F4 /* RxAlertExampleTests.swift */; };
		C7B28ED92275A1040045BF3D /* AppDelegate.swift in Sources */ = {isa = PBXBuildFile; fileRef = C7B28ED82275A1040045BF3D /* AppDelegate.swift */; };
		C7B28EDB2275A1040045BF3D /* ViewController.swift in Sources */ = {isa = PBXBuildFile; fileRef = C7B28EDA2275A1040045BF3D /* ViewController.swift */; };
		C7B28EDE2275A1040045BF3D /* Main.storyboard in Resources */ = {isa = PBXBuildFile; fileRef = C7B28EDC2275A1040045BF3D /* Main.storyboard */; };
		C7B28EE02275A1060045BF3D /* Assets.xcassets in Resources */ = {isa = PBXBuildFile; fileRef = C7B28EDF2275A1060045BF3D /* Assets.xcassets */; };
		C7B28EE32275A1060045BF3D /* LaunchScreen.storyboard in Resources */ = {isa = PBXBuildFile; fileRef = C7B28EE12275A1060045BF3D /* LaunchScreen.storyboard */; };
		C7B28EF32275A11D0045BF3D /* RxAlert.h in Headers */ = {isa = PBXBuildFile; fileRef = C7B28EF12275A11D0045BF3D /* RxAlert.h */; settings = {ATTRIBUTES = (Public, ); }; };
		C7B28EF62275A11D0045BF3D /* RxAlert.framework in Frameworks */ = {isa = PBXBuildFile; fileRef = C7B28EEF2275A11C0045BF3D /* RxAlert.framework */; };
		C7B28EF72275A11D0045BF3D /* RxAlert.framework in Embed Frameworks */ = {isa = PBXBuildFile; fileRef = C7B28EEF2275A11C0045BF3D /* RxAlert.framework */; settings = {ATTRIBUTES = (CodeSignOnCopy, RemoveHeadersOnCopy, ); }; };
		C7B28EFD2275A12F0045BF3D /* AlertAction.swift in Sources */ = {isa = PBXBuildFile; fileRef = C7B28EFC2275A12F0045BF3D /* AlertAction.swift */; };
		C7B28EFF2275A13D0045BF3D /* UIViewController+.swift in Sources */ = {isa = PBXBuildFile; fileRef = C7B28EFE2275A13D0045BF3D /* UIViewController+.swift */; };
/* End PBXBuildFile section */

/* Begin PBXContainerItemProxy section */
		C76A9F9322773A2500E238F4 /* PBXContainerItemProxy */ = {
			isa = PBXContainerItemProxy;
			containerPortal = C7B28ECD2275A1040045BF3D /* Project object */;
			proxyType = 1;
			remoteGlobalIDString = C7B28ED42275A1040045BF3D;
			remoteInfo = RxAlertExample;
		};
		C7B28EF42275A11D0045BF3D /* PBXContainerItemProxy */ = {
			isa = PBXContainerItemProxy;
			containerPortal = C7B28ECD2275A1040045BF3D /* Project object */;
			proxyType = 1;
			remoteGlobalIDString = C7B28EEE2275A11C0045BF3D;
			remoteInfo = RxAlert;
		};
/* End PBXContainerItemProxy section */

/* Begin PBXCopyFilesBuildPhase section */
		C7B28EFB2275A11D0045BF3D /* Embed Frameworks */ = {
			isa = PBXCopyFilesBuildPhase;
			buildActionMask = 2147483647;
			dstPath = "";
			dstSubfolderSpec = 10;
			files = (
				C7B28EF72275A11D0045BF3D /* RxAlert.framework in Embed Frameworks */,
			);
			name = "Embed Frameworks";
			runOnlyForDeploymentPostprocessing = 0;
		};
/* End PBXCopyFilesBuildPhase section */

/* Begin PBXFileReference section */
		80D34E2B19CDAA8FE4500284 /* Pods-RxAlertExample.debug.xcconfig */ = {isa = PBXFileReference; includeInIndex = 1; lastKnownFileType = text.xcconfig; name = "Pods-RxAlertExample.debug.xcconfig"; path = "Target Support Files/Pods-RxAlertExample/Pods-RxAlertExample.debug.xcconfig"; sourceTree = "<group>"; };
		A41602F6D1A5394BB49B0B95 /* Pods-RxAlertExample.release.xcconfig */ = {isa = PBXFileReference; includeInIndex = 1; lastKnownFileType = text.xcconfig; name = "Pods-RxAlertExample.release.xcconfig"; path = "Target Support Files/Pods-RxAlertExample/Pods-RxAlertExample.release.xcconfig"; sourceTree = "<group>"; };
		A9D5F089214F8BD8265BE6B1 /* Pods-RxAlert.debug.xcconfig */ = {isa = PBXFileReference; includeInIndex = 1; lastKnownFileType = text.xcconfig; name = "Pods-RxAlert.debug.xcconfig"; path = "Target Support Files/Pods-RxAlert/Pods-RxAlert.debug.xcconfig"; sourceTree = "<group>"; };
		B27DCD3C29F4448D4DCA8624 /* Pods-RxAlert.release.xcconfig */ = {isa = PBXFileReference; includeInIndex = 1; lastKnownFileType = text.xcconfig; name = "Pods-RxAlert.release.xcconfig"; path = "Target Support Files/Pods-RxAlert/Pods-RxAlert.release.xcconfig"; sourceTree = "<group>"; };
		BAA055AF934F74AD52B7FB69 /* Pods_RxAlert.framework */ = {isa = PBXFileReference; explicitFileType = wrapper.framework; includeInIndex = 0; path = Pods_RxAlert.framework; sourceTree = BUILT_PRODUCTS_DIR; };
		C76A9F8E22773A2400E238F4 /* RxAlertExampleTests.xctest */ = {isa = PBXFileReference; explicitFileType = wrapper.cfbundle; includeInIndex = 0; path = RxAlertExampleTests.xctest; sourceTree = BUILT_PRODUCTS_DIR; };
		C76A9F9022773A2500E238F4 /* RxAlertExampleTests.swift */ = {isa = PBXFileReference; lastKnownFileType = sourcecode.swift; path = RxAlertExampleTests.swift; sourceTree = "<group>"; };
		C76A9F9222773A2500E238F4 /* Info.plist */ = {isa = PBXFileReference; lastKnownFileType = text.plist.xml; path = Info.plist; sourceTree = "<group>"; };
		C7B28ED52275A1040045BF3D /* RxAlertExample.app */ = {isa = PBXFileReference; explicitFileType = wrapper.application; includeInIndex = 0; path = RxAlertExample.app; sourceTree = BUILT_PRODUCTS_DIR; };
		C7B28ED82275A1040045BF3D /* AppDelegate.swift */ = {isa = PBXFileReference; lastKnownFileType = sourcecode.swift; path = AppDelegate.swift; sourceTree = "<group>"; };
		C7B28EDA2275A1040045BF3D /* ViewController.swift */ = {isa = PBXFileReference; lastKnownFileType = sourcecode.swift; path = ViewController.swift; sourceTree = "<group>"; };
		C7B28EDD2275A1040045BF3D /* Base */ = {isa = PBXFileReference; lastKnownFileType = file.storyboard; name = Base; path = Base.lproj/Main.storyboard; sourceTree = "<group>"; };
		C7B28EDF2275A1060045BF3D /* Assets.xcassets */ = {isa = PBXFileReference; lastKnownFileType = folder.assetcatalog; path = Assets.xcassets; sourceTree = "<group>"; };
		C7B28EE22275A1060045BF3D /* Base */ = {isa = PBXFileReference; lastKnownFileType = file.storyboard; name = Base; path = Base.lproj/LaunchScreen.storyboard; sourceTree = "<group>"; };
		C7B28EE42275A1060045BF3D /* Info.plist */ = {isa = PBXFileReference; lastKnownFileType = text.plist.xml; path = Info.plist; sourceTree = "<group>"; };
		C7B28EEF2275A11C0045BF3D /* RxAlert.framework */ = {isa = PBXFileReference; explicitFileType = wrapper.framework; includeInIndex = 0; path = RxAlert.framework; sourceTree = BUILT_PRODUCTS_DIR; };
		C7B28EF12275A11D0045BF3D /* RxAlert.h */ = {isa = PBXFileReference; lastKnownFileType = sourcecode.c.h; path = RxAlert.h; sourceTree = "<group>"; };
		C7B28EF22275A11D0045BF3D /* Info.plist */ = {isa = PBXFileReference; lastKnownFileType = text.plist.xml; path = Info.plist; sourceTree = "<group>"; };
		C7B28EFC2275A12F0045BF3D /* AlertAction.swift */ = {isa = PBXFileReference; lastKnownFileType = sourcecode.swift; path = AlertAction.swift; sourceTree = "<group>"; };
		C7B28EFE2275A13D0045BF3D /* UIViewController+.swift */ = {isa = PBXFileReference; lastKnownFileType = sourcecode.swift; path = "UIViewController+.swift"; sourceTree = "<group>"; };
		EEF6C216A706F40107DB7F96 /* Pods_RxAlertExample.framework */ = {isa = PBXFileReference; explicitFileType = wrapper.framework; includeInIndex = 0; path = Pods_RxAlertExample.framework; sourceTree = BUILT_PRODUCTS_DIR; };
/* End PBXFileReference section */

/* Begin PBXFrameworksBuildPhase section */
		C76A9F8B22773A2400E238F4 /* Frameworks */ = {
			isa = PBXFrameworksBuildPhase;
			buildActionMask = 2147483647;
			files = (
			);
			runOnlyForDeploymentPostprocessing = 0;
		};
		C7B28ED22275A1040045BF3D /* Frameworks */ = {
			isa = PBXFrameworksBuildPhase;
			buildActionMask = 2147483647;
			files = (
				C7B28EF62275A11D0045BF3D /* RxAlert.framework in Frameworks */,
				B7F309E8378CF814D631EA87 /* Pods_RxAlertExample.framework in Frameworks */,
			);
			runOnlyForDeploymentPostprocessing = 0;
		};
		C7B28EEC2275A11C0045BF3D /* Frameworks */ = {
			isa = PBXFrameworksBuildPhase;
			buildActionMask = 2147483647;
			files = (
				099A4FE991A5ACC9F9E19D96 /* Pods_RxAlert.framework in Frameworks */,
			);
			runOnlyForDeploymentPostprocessing = 0;
		};
/* End PBXFrameworksBuildPhase section */

/* Begin PBXGroup section */
		C76A9F8F22773A2500E238F4 /* RxAlertExampleTests */ = {
			isa = PBXGroup;
			children = (
				C76A9F9022773A2500E238F4 /* RxAlertExampleTests.swift */,
				C76A9F9222773A2500E238F4 /* Info.plist */,
			);
			path = RxAlertExampleTests;
			sourceTree = "<group>";
		};
		C7B28ECC2275A1040045BF3D = {
			isa = PBXGroup;
			children = (
				C7B28ED72275A1040045BF3D /* RxAlertExample */,
				C7B28EF02275A11D0045BF3D /* RxAlert */,
				C76A9F8F22773A2500E238F4 /* RxAlertExampleTests */,
				C7B28ED62275A1040045BF3D /* Products */,
				DFE8F96EDA311B4DEBFC8836 /* Pods */,
				FAC97CBEEF46F1431679BD97 /* Frameworks */,
			);
			sourceTree = "<group>";
		};
		C7B28ED62275A1040045BF3D /* Products */ = {
			isa = PBXGroup;
			children = (
				C7B28ED52275A1040045BF3D /* RxAlertExample.app */,
				C7B28EEF2275A11C0045BF3D /* RxAlert.framework */,
				C76A9F8E22773A2400E238F4 /* RxAlertExampleTests.xctest */,
			);
			name = Products;
			sourceTree = "<group>";
		};
		C7B28ED72275A1040045BF3D /* RxAlertExample */ = {
			isa = PBXGroup;
			children = (
				C7B28ED82275A1040045BF3D /* AppDelegate.swift */,
				C7B28EDA2275A1040045BF3D /* ViewController.swift */,
				C7B28EDC2275A1040045BF3D /* Main.storyboard */,
				C7B28EDF2275A1060045BF3D /* Assets.xcassets */,
				C7B28EE12275A1060045BF3D /* LaunchScreen.storyboard */,
				C7B28EE42275A1060045BF3D /* Info.plist */,
			);
			path = RxAlertExample;
			sourceTree = "<group>";
		};
		C7B28EF02275A11D0045BF3D /* RxAlert */ = {
			isa = PBXGroup;
			children = (
				C7B28EF12275A11D0045BF3D /* RxAlert.h */,
				C7B28EF22275A11D0045BF3D /* Info.plist */,
				C7B28EFC2275A12F0045BF3D /* AlertAction.swift */,
				C7B28EFE2275A13D0045BF3D /* UIViewController+.swift */,
			);
			path = RxAlert;
			sourceTree = "<group>";
		};
		DFE8F96EDA311B4DEBFC8836 /* Pods */ = {
			isa = PBXGroup;
			children = (
				A9D5F089214F8BD8265BE6B1 /* Pods-RxAlert.debug.xcconfig */,
				B27DCD3C29F4448D4DCA8624 /* Pods-RxAlert.release.xcconfig */,
				80D34E2B19CDAA8FE4500284 /* Pods-RxAlertExample.debug.xcconfig */,
				A41602F6D1A5394BB49B0B95 /* Pods-RxAlertExample.release.xcconfig */,
			);
			path = Pods;
			sourceTree = "<group>";
		};
		FAC97CBEEF46F1431679BD97 /* Frameworks */ = {
			isa = PBXGroup;
			children = (
				BAA055AF934F74AD52B7FB69 /* Pods_RxAlert.framework */,
				EEF6C216A706F40107DB7F96 /* Pods_RxAlertExample.framework */,
			);
			name = Frameworks;
			sourceTree = "<group>";
		};
/* End PBXGroup section */

/* Begin PBXHeadersBuildPhase section */
		C7B28EEA2275A11C0045BF3D /* Headers */ = {
			isa = PBXHeadersBuildPhase;
			buildActionMask = 2147483647;
			files = (
				C7B28EF32275A11D0045BF3D /* RxAlert.h in Headers */,
			);
			runOnlyForDeploymentPostprocessing = 0;
		};
/* End PBXHeadersBuildPhase section */

/* Begin PBXNativeTarget section */
		C76A9F8D22773A2400E238F4 /* RxAlertExampleTests */ = {
			isa = PBXNativeTarget;
			buildConfigurationList = C76A9F9522773A2500E238F4 /* Build configuration list for PBXNativeTarget "RxAlertExampleTests" */;
			buildPhases = (
				C76A9F8A22773A2400E238F4 /* Sources */,
				C76A9F8B22773A2400E238F4 /* Frameworks */,
				C76A9F8C22773A2400E238F4 /* Resources */,
			);
			buildRules = (
			);
			dependencies = (
				C76A9F9422773A2500E238F4 /* PBXTargetDependency */,
			);
			name = RxAlertExampleTests;
			productName = RxAlertExampleTests;
			productReference = C76A9F8E22773A2400E238F4 /* RxAlertExampleTests.xctest */;
			productType = "com.apple.product-type.bundle.unit-test";
		};
		C7B28ED42275A1040045BF3D /* RxAlertExample */ = {
			isa = PBXNativeTarget;
			buildConfigurationList = C7B28EE72275A1060045BF3D /* Build configuration list for PBXNativeTarget "RxAlertExample" */;
			buildPhases = (
				F0E51C7B45DF6BEB2B117EBB /* [CP] Check Pods Manifest.lock */,
				C7B28ED12275A1040045BF3D /* Sources */,
				C7B28ED22275A1040045BF3D /* Frameworks */,
				C7B28ED32275A1040045BF3D /* Resources */,
				C7B28EFB2275A11D0045BF3D /* Embed Frameworks */,
				5790B6D4280A410E104EFE32 /* [CP] Embed Pods Frameworks */,
			);
			buildRules = (
			);
			dependencies = (
				C7B28EF52275A11D0045BF3D /* PBXTargetDependency */,
			);
			name = RxAlertExample;
			productName = RxAlertExample;
			productReference = C7B28ED52275A1040045BF3D /* RxAlertExample.app */;
			productType = "com.apple.product-type.application";
		};
		C7B28EEE2275A11C0045BF3D /* RxAlert */ = {
			isa = PBXNativeTarget;
			buildConfigurationList = C7B28EF82275A11D0045BF3D /* Build configuration list for PBXNativeTarget "RxAlert" */;
			buildPhases = (
				4224F9F4CEF8B1B9DB5366BC /* [CP] Check Pods Manifest.lock */,
				C7B28EEA2275A11C0045BF3D /* Headers */,
				C7B28EEB2275A11C0045BF3D /* Sources */,
				C7B28EEC2275A11C0045BF3D /* Frameworks */,
				C7B28EED2275A11C0045BF3D /* Resources */,
			);
			buildRules = (
			);
			dependencies = (
			);
			name = RxAlert;
			productName = RxAlert;
			productReference = C7B28EEF2275A11C0045BF3D /* RxAlert.framework */;
			productType = "com.apple.product-type.framework";
		};
/* End PBXNativeTarget section */

/* Begin PBXProject section */
		C7B28ECD2275A1040045BF3D /* Project object */ = {
			isa = PBXProject;
			attributes = {
				LastSwiftUpdateCheck = 1020;
				LastUpgradeCheck = 1020;
				ORGANIZATIONNAME = Shichimitoucarashi;
				TargetAttributes = {
					C76A9F8D22773A2400E238F4 = {
						CreatedOnToolsVersion = 10.2.1;
						TestTargetID = C7B28ED42275A1040045BF3D;
					};
					C7B28ED42275A1040045BF3D = {
						CreatedOnToolsVersion = 10.2.1;
					};
					C7B28EEE2275A11C0045BF3D = {
						CreatedOnToolsVersion = 10.2.1;
						LastSwiftMigration = 1020;
					};
				};
			};
			buildConfigurationList = C7B28ED02275A1040045BF3D /* Build configuration list for PBXProject "RxAlertExample" */;
			compatibilityVersion = "Xcode 9.3";
			developmentRegion = en;
			hasScannedForEncodings = 0;
			knownRegions = (
				en,
				Base,
			);
			mainGroup = C7B28ECC2275A1040045BF3D;
			productRefGroup = C7B28ED62275A1040045BF3D /* Products */;
			projectDirPath = "";
			projectRoot = "";
			targets = (
				C7B28ED42275A1040045BF3D /* RxAlertExample */,
				C7B28EEE2275A11C0045BF3D /* RxAlert */,
				C76A9F8D22773A2400E238F4 /* RxAlertExampleTests */,
			);
		};
/* End PBXProject section */

/* Begin PBXResourcesBuildPhase section */
		C76A9F8C22773A2400E238F4 /* Resources */ = {
			isa = PBXResourcesBuildPhase;
			buildActionMask = 2147483647;
			files = (
			);
			runOnlyForDeploymentPostprocessing = 0;
		};
		C7B28ED32275A1040045BF3D /* Resources */ = {
			isa = PBXResourcesBuildPhase;
			buildActionMask = 2147483647;
			files = (
				C7B28EE32275A1060045BF3D /* LaunchScreen.storyboard in Resources */,
				C7B28EE02275A1060045BF3D /* Assets.xcassets in Resources */,
				C7B28EDE2275A1040045BF3D /* Main.storyboard in Resources */,
			);
			runOnlyForDeploymentPostprocessing = 0;
		};
		C7B28EED2275A11C0045BF3D /* Resources */ = {
			isa = PBXResourcesBuildPhase;
			buildActionMask = 2147483647;
			files = (
			);
			runOnlyForDeploymentPostprocessing = 0;
		};
/* End PBXResourcesBuildPhase section */

/* Begin PBXShellScriptBuildPhase section */
		4224F9F4CEF8B1B9DB5366BC /* [CP] Check Pods Manifest.lock */ = {
			isa = PBXShellScriptBuildPhase;
			buildActionMask = 2147483647;
			files = (
			);
			inputFileListPaths = (
			);
			inputPaths = (
				"${PODS_PODFILE_DIR_PATH}/Podfile.lock",
				"${PODS_ROOT}/Manifest.lock",
			);
			name = "[CP] Check Pods Manifest.lock";
			outputFileListPaths = (
			);
			outputPaths = (
				"$(DERIVED_FILE_DIR)/Pods-RxAlert-checkManifestLockResult.txt",
			);
			runOnlyForDeploymentPostprocessing = 0;
			shellPath = /bin/sh;
			shellScript = "diff \"${PODS_PODFILE_DIR_PATH}/Podfile.lock\" \"${PODS_ROOT}/Manifest.lock\" > /dev/null\nif [ $? != 0 ] ; then\n    # print error to STDERR\n    echo \"error: The sandbox is not in sync with the Podfile.lock. Run 'pod install' or update your CocoaPods installation.\" >&2\n    exit 1\nfi\n# This output is used by Xcode 'outputs' to avoid re-running this script phase.\necho \"SUCCESS\" > \"${SCRIPT_OUTPUT_FILE_0}\"\n";
			showEnvVarsInLog = 0;
		};
		5790B6D4280A410E104EFE32 /* [CP] Embed Pods Frameworks */ = {
			isa = PBXShellScriptBuildPhase;
			buildActionMask = 2147483647;
			files = (
			);
			inputFileListPaths = (
				"${PODS_ROOT}/Target Support Files/Pods-RxAlertExample/Pods-RxAlertExample-frameworks-${CONFIGURATION}-input-files.xcfilelist",
			);
			name = "[CP] Embed Pods Frameworks";
			outputFileListPaths = (
				"${PODS_ROOT}/Target Support Files/Pods-RxAlertExample/Pods-RxAlertExample-frameworks-${CONFIGURATION}-output-files.xcfilelist",
			);
			runOnlyForDeploymentPostprocessing = 0;
			shellPath = /bin/sh;
			shellScript = "\"${PODS_ROOT}/Target Support Files/Pods-RxAlertExample/Pods-RxAlertExample-frameworks.sh\"\n";
			showEnvVarsInLog = 0;
		};
		F0E51C7B45DF6BEB2B117EBB /* [CP] Check Pods Manifest.lock */ = {
			isa = PBXShellScriptBuildPhase;
			buildActionMask = 2147483647;
			files = (
			);
			inputFileListPaths = (
			);
			inputPaths = (
				"${PODS_PODFILE_DIR_PATH}/Podfile.lock",
				"${PODS_ROOT}/Manifest.lock",
			);
			name = "[CP] Check Pods Manifest.lock";
			outputFileListPaths = (
			);
			outputPaths = (
				"$(DERIVED_FILE_DIR)/Pods-RxAlertExample-checkManifestLockResult.txt",
			);
			runOnlyForDeploymentPostprocessing = 0;
			shellPath = /bin/sh;
			shellScript = "diff \"${PODS_PODFILE_DIR_PATH}/Podfile.lock\" \"${PODS_ROOT}/Manifest.lock\" > /dev/null\nif [ $? != 0 ] ; then\n    # print error to STDERR\n    echo \"error: The sandbox is not in sync with the Podfile.lock. Run 'pod install' or update your CocoaPods installation.\" >&2\n    exit 1\nfi\n# This output is used by Xcode 'outputs' to avoid re-running this script phase.\necho \"SUCCESS\" > \"${SCRIPT_OUTPUT_FILE_0}\"\n";
			showEnvVarsInLog = 0;
		};
/* End PBXShellScriptBuildPhase section */

/* Begin PBXSourcesBuildPhase section */
		C76A9F8A22773A2400E238F4 /* Sources */ = {
			isa = PBXSourcesBuildPhase;
			buildActionMask = 2147483647;
			files = (
				C76A9F9122773A2500E238F4 /* RxAlertExampleTests.swift in Sources */,
			);
			runOnlyForDeploymentPostprocessing = 0;
		};
		C7B28ED12275A1040045BF3D /* Sources */ = {
			isa = PBXSourcesBuildPhase;
			buildActionMask = 2147483647;
			files = (
				C7B28EDB2275A1040045BF3D /* ViewController.swift in Sources */,
				C7B28ED92275A1040045BF3D /* AppDelegate.swift in Sources */,
			);
			runOnlyForDeploymentPostprocessing = 0;
		};
		C7B28EEB2275A11C0045BF3D /* Sources */ = {
			isa = PBXSourcesBuildPhase;
			buildActionMask = 2147483647;
			files = (
				C7B28EFF2275A13D0045BF3D /* UIViewController+.swift in Sources */,
				C7B28EFD2275A12F0045BF3D /* AlertAction.swift in Sources */,
			);
			runOnlyForDeploymentPostprocessing = 0;
		};
/* End PBXSourcesBuildPhase section */

/* Begin PBXTargetDependency section */
		C76A9F9422773A2500E238F4 /* PBXTargetDependency */ = {
			isa = PBXTargetDependency;
			target = C7B28ED42275A1040045BF3D /* RxAlertExample */;
			targetProxy = C76A9F9322773A2500E238F4 /* PBXContainerItemProxy */;
		};
		C7B28EF52275A11D0045BF3D /* PBXTargetDependency */ = {
			isa = PBXTargetDependency;
			target = C7B28EEE2275A11C0045BF3D /* RxAlert */;
			targetProxy = C7B28EF42275A11D0045BF3D /* PBXContainerItemProxy */;
		};
/* End PBXTargetDependency section */

/* Begin PBXVariantGroup section */
		C7B28EDC2275A1040045BF3D /* Main.storyboard */ = {
			isa = PBXVariantGroup;
			children = (
				C7B28EDD2275A1040045BF3D /* Base */,
			);
			name = Main.storyboard;
			sourceTree = "<group>";
		};
		C7B28EE12275A1060045BF3D /* LaunchScreen.storyboard */ = {
			isa = PBXVariantGroup;
			children = (
				C7B28EE22275A1060045BF3D /* Base */,
			);
			name = LaunchScreen.storyboard;
			sourceTree = "<group>";
		};
/* End PBXVariantGroup section */

/* Begin XCBuildConfiguration section */
		C76A9F9622773A2500E238F4 /* Debug */ = {
			isa = XCBuildConfiguration;
			buildSettings = {
				BUNDLE_LOADER = "$(TEST_HOST)";
				CODE_SIGN_STYLE = Automatic;
				DEVELOPMENT_TEAM = D3DW67HS9F;
				INFOPLIST_FILE = RxAlertExampleTests/Info.plist;
				LD_RUNPATH_SEARCH_PATHS = (
					"$(inherited)",
					"@executable_path/Frameworks",
					"@loader_path/Frameworks",
				);
				PRODUCT_BUNDLE_IDENTIFIER = com.shichimitoucarashi.RxAlertExampleTests;
				PRODUCT_NAME = "$(TARGET_NAME)";
				SWIFT_VERSION = 5.0;
				TARGETED_DEVICE_FAMILY = "1,2";
				TEST_HOST = "$(BUILT_PRODUCTS_DIR)/RxAlertExample.app/RxAlertExample";
			};
			name = Debug;
		};
		C76A9F9722773A2500E238F4 /* Release */ = {
			isa = XCBuildConfiguration;
			buildSettings = {
				BUNDLE_LOADER = "$(TEST_HOST)";
				CODE_SIGN_STYLE = Automatic;
				DEVELOPMENT_TEAM = D3DW67HS9F;
				INFOPLIST_FILE = RxAlertExampleTests/Info.plist;
				LD_RUNPATH_SEARCH_PATHS = (
					"$(inherited)",
					"@executable_path/Frameworks",
					"@loader_path/Frameworks",
				);
				PRODUCT_BUNDLE_IDENTIFIER = com.shichimitoucarashi.RxAlertExampleTests;
				PRODUCT_NAME = "$(TARGET_NAME)";
				SWIFT_VERSION = 5.0;
				TARGETED_DEVICE_FAMILY = "1,2";
				TEST_HOST = "$(BUILT_PRODUCTS_DIR)/RxAlertExample.app/RxAlertExample";
			};
			name = Release;
		};
		C7B28EE52275A1060045BF3D /* Debug */ = {
			isa = XCBuildConfiguration;
			buildSettings = {
				ALWAYS_SEARCH_USER_PATHS = NO;
				CLANG_ANALYZER_NONNULL = YES;
				CLANG_ANALYZER_NUMBER_OBJECT_CONVERSION = YES_AGGRESSIVE;
				CLANG_CXX_LANGUAGE_STANDARD = "gnu++14";
				CLANG_CXX_LIBRARY = "libc++";
				CLANG_ENABLE_MODULES = YES;
				CLANG_ENABLE_OBJC_ARC = YES;
				CLANG_ENABLE_OBJC_WEAK = YES;
				CLANG_WARN_BLOCK_CAPTURE_AUTORELEASING = YES;
				CLANG_WARN_BOOL_CONVERSION = YES;
				CLANG_WARN_COMMA = YES;
				CLANG_WARN_CONSTANT_CONVERSION = YES;
				CLANG_WARN_DEPRECATED_OBJC_IMPLEMENTATIONS = YES;
				CLANG_WARN_DIRECT_OBJC_ISA_USAGE = YES_ERROR;
				CLANG_WARN_DOCUMENTATION_COMMENTS = YES;
				CLANG_WARN_EMPTY_BODY = YES;
				CLANG_WARN_ENUM_CONVERSION = YES;
				CLANG_WARN_INFINITE_RECURSION = YES;
				CLANG_WARN_INT_CONVERSION = YES;
				CLANG_WARN_NON_LITERAL_NULL_CONVERSION = YES;
				CLANG_WARN_OBJC_IMPLICIT_RETAIN_SELF = YES;
				CLANG_WARN_OBJC_LITERAL_CONVERSION = YES;
				CLANG_WARN_OBJC_ROOT_CLASS = YES_ERROR;
				CLANG_WARN_RANGE_LOOP_ANALYSIS = YES;
				CLANG_WARN_STRICT_PROTOTYPES = YES;
				CLANG_WARN_SUSPICIOUS_MOVE = YES;
				CLANG_WARN_UNGUARDED_AVAILABILITY = YES_AGGRESSIVE;
				CLANG_WARN_UNREACHABLE_CODE = YES;
				CLANG_WARN__DUPLICATE_METHOD_MATCH = YES;
				CODE_SIGN_IDENTITY = "iPhone Developer";
				COPY_PHASE_STRIP = NO;
				DEBUG_INFORMATION_FORMAT = dwarf;
				ENABLE_STRICT_OBJC_MSGSEND = YES;
				ENABLE_TESTABILITY = YES;
				GCC_C_LANGUAGE_STANDARD = gnu11;
				GCC_DYNAMIC_NO_PIC = NO;
				GCC_NO_COMMON_BLOCKS = YES;
				GCC_OPTIMIZATION_LEVEL = 0;
				GCC_PREPROCESSOR_DEFINITIONS = (
					"DEBUG=1",
					"$(inherited)",
				);
				GCC_WARN_64_TO_32_BIT_CONVERSION = YES;
				GCC_WARN_ABOUT_RETURN_TYPE = YES_ERROR;
				GCC_WARN_UNDECLARED_SELECTOR = YES;
				GCC_WARN_UNINITIALIZED_AUTOS = YES_AGGRESSIVE;
				GCC_WARN_UNUSED_FUNCTION = YES;
				GCC_WARN_UNUSED_VARIABLE = YES;
				IPHONEOS_DEPLOYMENT_TARGET = 12.0;
				MTL_ENABLE_DEBUG_INFO = INCLUDE_SOURCE;
				MTL_FAST_MATH = YES;
				ONLY_ACTIVE_ARCH = YES;
				SDKROOT = iphoneos;
				SWIFT_ACTIVE_COMPILATION_CONDITIONS = DEBUG;
				SWIFT_OPTIMIZATION_LEVEL = "-Onone";
				SWIFT_VERSION = 5.0;
			};
			name = Debug;
		};
		C7B28EE62275A1060045BF3D /* Release */ = {
			isa = XCBuildConfiguration;
			buildSettings = {
				ALWAYS_SEARCH_USER_PATHS = NO;
				CLANG_ANALYZER_NONNULL = YES;
				CLANG_ANALYZER_NUMBER_OBJECT_CONVERSION = YES_AGGRESSIVE;
				CLANG_CXX_LANGUAGE_STANDARD = "gnu++14";
				CLANG_CXX_LIBRARY = "libc++";
				CLANG_ENABLE_MODULES = YES;
				CLANG_ENABLE_OBJC_ARC = YES;
				CLANG_ENABLE_OBJC_WEAK = YES;
				CLANG_WARN_BLOCK_CAPTURE_AUTORELEASING = YES;
				CLANG_WARN_BOOL_CONVERSION = YES;
				CLANG_WARN_COMMA = YES;
				CLANG_WARN_CONSTANT_CONVERSION = YES;
				CLANG_WARN_DEPRECATED_OBJC_IMPLEMENTATIONS = YES;
				CLANG_WARN_DIRECT_OBJC_ISA_USAGE = YES_ERROR;
				CLANG_WARN_DOCUMENTATION_COMMENTS = YES;
				CLANG_WARN_EMPTY_BODY = YES;
				CLANG_WARN_ENUM_CONVERSION = YES;
				CLANG_WARN_INFINITE_RECURSION = YES;
				CLANG_WARN_INT_CONVERSION = YES;
				CLANG_WARN_NON_LITERAL_NULL_CONVERSION = YES;
				CLANG_WARN_OBJC_IMPLICIT_RETAIN_SELF = YES;
				CLANG_WARN_OBJC_LITERAL_CONVERSION = YES;
				CLANG_WARN_OBJC_ROOT_CLASS = YES_ERROR;
				CLANG_WARN_RANGE_LOOP_ANALYSIS = YES;
				CLANG_WARN_STRICT_PROTOTYPES = YES;
				CLANG_WARN_SUSPICIOUS_MOVE = YES;
				CLANG_WARN_UNGUARDED_AVAILABILITY = YES_AGGRESSIVE;
				CLANG_WARN_UNREACHABLE_CODE = YES;
				CLANG_WARN__DUPLICATE_METHOD_MATCH = YES;
				CODE_SIGN_IDENTITY = "iPhone Developer";
				COPY_PHASE_STRIP = NO;
				DEBUG_INFORMATION_FORMAT = "dwarf-with-dsym";
				ENABLE_NS_ASSERTIONS = NO;
				ENABLE_STRICT_OBJC_MSGSEND = YES;
				GCC_C_LANGUAGE_STANDARD = gnu11;
				GCC_NO_COMMON_BLOCKS = YES;
				GCC_WARN_64_TO_32_BIT_CONVERSION = YES;
				GCC_WARN_ABOUT_RETURN_TYPE = YES_ERROR;
				GCC_WARN_UNDECLARED_SELECTOR = YES;
				GCC_WARN_UNINITIALIZED_AUTOS = YES_AGGRESSIVE;
				GCC_WARN_UNUSED_FUNCTION = YES;
				GCC_WARN_UNUSED_VARIABLE = YES;
				IPHONEOS_DEPLOYMENT_TARGET = 12.0;
				MTL_ENABLE_DEBUG_INFO = NO;
				MTL_FAST_MATH = YES;
				SDKROOT = iphoneos;
				SWIFT_COMPILATION_MODE = wholemodule;
				SWIFT_OPTIMIZATION_LEVEL = "-O";
				SWIFT_VERSION = 5.0;
				VALIDATE_PRODUCT = YES;
			};
			name = Release;
		};
		C7B28EE82275A1060045BF3D /* Debug */ = {
			isa = XCBuildConfiguration;
			baseConfigurationReference = 80D34E2B19CDAA8FE4500284 /* Pods-RxAlertExample.debug.xcconfig */;
			buildSettings = {
				ALWAYS_EMBED_SWIFT_STANDARD_LIBRARIES = YES;
				ASSETCATALOG_COMPILER_APPICON_NAME = AppIcon;
				CODE_SIGN_STYLE = Automatic;
				DEVELOPMENT_TEAM = D3DW67HS9F;
				INFOPLIST_FILE = RxAlertExample/Info.plist;
				IPHONEOS_DEPLOYMENT_TARGET = 9.0;
				LD_RUNPATH_SEARCH_PATHS = (
					"$(inherited)",
					"@executable_path/Frameworks",
				);
				MARKETING_VERSION = 1.0.4;
				PRODUCT_BUNDLE_IDENTIFIER = com.shichimitoucarashi.RxAlertExample;
				PRODUCT_NAME = "$(TARGET_NAME)";
				SWIFT_VERSION = 5.0;
				TARGETED_DEVICE_FAMILY = "1,2";
			};
			name = Debug;
		};
		C7B28EE92275A1060045BF3D /* Release */ = {
			isa = XCBuildConfiguration;
			baseConfigurationReference = A41602F6D1A5394BB49B0B95 /* Pods-RxAlertExample.release.xcconfig */;
			buildSettings = {
				ALWAYS_EMBED_SWIFT_STANDARD_LIBRARIES = YES;
				ASSETCATALOG_COMPILER_APPICON_NAME = AppIcon;
				CODE_SIGN_STYLE = Automatic;
				DEVELOPMENT_TEAM = D3DW67HS9F;
				INFOPLIST_FILE = RxAlertExample/Info.plist;
				IPHONEOS_DEPLOYMENT_TARGET = 9.0;
				LD_RUNPATH_SEARCH_PATHS = (
					"$(inherited)",
					"@executable_path/Frameworks",
				);
				MARKETING_VERSION = 1.0.4;
				PRODUCT_BUNDLE_IDENTIFIER = com.shichimitoucarashi.RxAlertExample;
				PRODUCT_NAME = "$(TARGET_NAME)";
				SWIFT_VERSION = 5.0;
				TARGETED_DEVICE_FAMILY = "1,2";
			};
			name = Release;
		};
		C7B28EF92275A11D0045BF3D /* Debug */ = {
			isa = XCBuildConfiguration;
			baseConfigurationReference = A9D5F089214F8BD8265BE6B1 /* Pods-RxAlert.debug.xcconfig */;
			buildSettings = {
				CLANG_ENABLE_MODULES = YES;
				CODE_SIGN_IDENTITY = "";
				CODE_SIGN_STYLE = Automatic;
				CURRENT_PROJECT_VERSION = 1;
				DEFINES_MODULE = YES;
				DEVELOPMENT_TEAM = D3DW67HS9F;
				DYLIB_COMPATIBILITY_VERSION = 1;
				DYLIB_CURRENT_VERSION = 1;
				DYLIB_INSTALL_NAME_BASE = "@rpath";
				INFOPLIST_FILE = RxAlert/Info.plist;
				INSTALL_PATH = "$(LOCAL_LIBRARY_DIR)/Frameworks";
				IPHONEOS_DEPLOYMENT_TARGET = 9.0;
				LD_RUNPATH_SEARCH_PATHS = (
					"$(inherited)",
					"@executable_path/Frameworks",
					"@loader_path/Frameworks",
				);
				MARKETING_VERSION = 1.2.1;
				PRODUCT_BUNDLE_IDENTIFIER = com.shichimitoucarashi.RxAlert;
				PRODUCT_NAME = "$(TARGET_NAME:c99extidentifier)";
				SKIP_INSTALL = YES;
				SWIFT_OPTIMIZATION_LEVEL = "-Onone";
				SWIFT_VERSION = 5.0;
				TARGETED_DEVICE_FAMILY = "1,2";
				VERSIONING_SYSTEM = "apple-generic";
				VERSION_INFO_PREFIX = "";
			};
			name = Debug;
		};
		C7B28EFA2275A11D0045BF3D /* Release */ = {
			isa = XCBuildConfiguration;
			baseConfigurationReference = B27DCD3C29F4448D4DCA8624 /* Pods-RxAlert.release.xcconfig */;
			buildSettings = {
				CLANG_ENABLE_MODULES = YES;
				CODE_SIGN_IDENTITY = "";
				CODE_SIGN_STYLE = Automatic;
				CURRENT_PROJECT_VERSION = 1;
				DEFINES_MODULE = YES;
				DEVELOPMENT_TEAM = D3DW67HS9F;
				DYLIB_COMPATIBILITY_VERSION = 1;
				DYLIB_CURRENT_VERSION = 1;
				DYLIB_INSTALL_NAME_BASE = "@rpath";
				INFOPLIST_FILE = RxAlert/Info.plist;
				INSTALL_PATH = "$(LOCAL_LIBRARY_DIR)/Frameworks";
				IPHONEOS_DEPLOYMENT_TARGET = 9.0;
				LD_RUNPATH_SEARCH_PATHS = (
					"$(inherited)",
					"@executable_path/Frameworks",
					"@loader_path/Frameworks",
				);
				MARKETING_VERSION = 1.2.1;
				PRODUCT_BUNDLE_IDENTIFIER = com.shichimitoucarashi.RxAlert;
				PRODUCT_NAME = "$(TARGET_NAME:c99extidentifier)";
				SKIP_INSTALL = YES;
				SWIFT_VERSION = 5.0;
				TARGETED_DEVICE_FAMILY = "1,2";
				VERSIONING_SYSTEM = "apple-generic";
				VERSION_INFO_PREFIX = "";
			};
			name = Release;
		};
/* End XCBuildConfiguration section */

/* Begin XCConfigurationList section */
		C76A9F9522773A2500E238F4 /* Build configuration list for PBXNativeTarget "RxAlertExampleTests" */ = {
			isa = XCConfigurationList;
			buildConfigurations = (
				C76A9F9622773A2500E238F4 /* Debug */,
				C76A9F9722773A2500E238F4 /* Release */,
			);
			defaultConfigurationIsVisible = 0;
			defaultConfigurationName = Release;
		};
		C7B28ED02275A1040045BF3D /* Build configuration list for PBXProject "RxAlertExample" */ = {
			isa = XCConfigurationList;
			buildConfigurations = (
				C7B28EE52275A1060045BF3D /* Debug */,
				C7B28EE62275A1060045BF3D /* Release */,
			);
			defaultConfigurationIsVisible = 0;
			defaultConfigurationName = Release;
		};
		C7B28EE72275A1060045BF3D /* Build configuration list for PBXNativeTarget "RxAlertExample" */ = {
			isa = XCConfigurationList;
			buildConfigurations = (
				C7B28EE82275A1060045BF3D /* Debug */,
				C7B28EE92275A1060045BF3D /* Release */,
			);
			defaultConfigurationIsVisible = 0;
			defaultConfigurationName = Release;
		};
		C7B28EF82275A11D0045BF3D /* Build configuration list for PBXNativeTarget "RxAlert" */ = {
			isa = XCConfigurationList;
			buildConfigurations = (
				C7B28EF92275A11D0045BF3D /* Debug */,
				C7B28EFA2275A11D0045BF3D /* Release */,
			);
			defaultConfigurationIsVisible = 0;
			defaultConfigurationName = Release;
		};
/* End XCConfigurationList section */
	};
	rootObject = C7B28ECD2275A1040045BF3D /* Project object */;
}
